// !$*UTF8*$!
{
	archiveVersion = 1;
	classes = {
	};
	objectVersion = 50;
	objects = {

/* Begin PBXBuildFile section */
		B21BABA226B4364200D2C878 /* CountyListViewUITests.swift in Sources */ = {isa = PBXBuildFile; fileRef = B21BABA126B4364200D2C878 /* CountyListViewUITests.swift */; };
		B21BABA626B7D82600D2C878 /* CountryTests.swift in Sources */ = {isa = PBXBuildFile; fileRef = B21BABA526B7D82600D2C878 /* CountryTests.swift */; };
		B21BABAA26B7E8DF00D2C878 /* EndpointTests.swift in Sources */ = {isa = PBXBuildFile; fileRef = B21BABA926B7E8DF00D2C878 /* EndpointTests.swift */; };
		B21BABAD26B7E92D00D2C878 /* EndpointMock.swift in Sources */ = {isa = PBXBuildFile; fileRef = B21BABAC26B7E92D00D2C878 /* EndpointMock.swift */; };
		B21BABAF26B7EB3800D2C878 /* CountryMocks.swift in Sources */ = {isa = PBXBuildFile; fileRef = B21BABAE26B7EB3800D2C878 /* CountryMocks.swift */; };
		B21BABB426B80A9600D2C878 /* RepositoryMocks.swift in Sources */ = {isa = PBXBuildFile; fileRef = B21BABB326B80A9600D2C878 /* RepositoryMocks.swift */; };
		B21BABB826B80D5400D2C878 /* CountryRepositoryTests.swift in Sources */ = {isa = PBXBuildFile; fileRef = B21BABB726B80D5400D2C878 /* CountryRepositoryTests.swift */; };
		B26A02C826AEA6F800B5C1A6 /* CountriesApp.swift in Sources */ = {isa = PBXBuildFile; fileRef = B26A02C726AEA6F800B5C1A6 /* CountriesApp.swift */; };
		B26A02CC26AEA6F900B5C1A6 /* Assets.xcassets in Resources */ = {isa = PBXBuildFile; fileRef = B26A02CB26AEA6F900B5C1A6 /* Assets.xcassets */; };
		B26A02CF26AEA6F900B5C1A6 /* Preview Assets.xcassets in Resources */ = {isa = PBXBuildFile; fileRef = B26A02CE26AEA6F900B5C1A6 /* Preview Assets.xcassets */; };
		B26A02D126AEA6F900B5C1A6 /* Persistence.swift in Sources */ = {isa = PBXBuildFile; fileRef = B26A02D026AEA6F900B5C1A6 /* Persistence.swift */; };
		B26A02D426AEA6F900B5C1A6 /* Countries.xcdatamodeld in Sources */ = {isa = PBXBuildFile; fileRef = B26A02D226AEA6F900B5C1A6 /* Countries.xcdatamodeld */; };
		B26A02EA26AEA6F900B5C1A6 /* CountriesUITests.swift in Sources */ = {isa = PBXBuildFile; fileRef = B26A02E926AEA6F900B5C1A6 /* CountriesUITests.swift */; };
		B26A02F926AEA83900B5C1A6 /* CountryListView.swift in Sources */ = {isa = PBXBuildFile; fileRef = B26A02F826AEA83900B5C1A6 /* CountryListView.swift */; };
		B26A02FD26AEA89000B5C1A6 /* Country.swift in Sources */ = {isa = PBXBuildFile; fileRef = B26A02FC26AEA89000B5C1A6 /* Country.swift */; };
		B26A030026AEA8F100B5C1A6 /* CountryListItemView.swift in Sources */ = {isa = PBXBuildFile; fileRef = B26A02FF26AEA8F100B5C1A6 /* CountryListItemView.swift */; };
		B26A030426AEAC1700B5C1A6 /* CountryRepository.swift in Sources */ = {isa = PBXBuildFile; fileRef = B26A030326AEAC1700B5C1A6 /* CountryRepository.swift */; };
		B26A030726AEAD8100B5C1A6 /* Container.swift in Sources */ = {isa = PBXBuildFile; fileRef = B26A030626AEAD8100B5C1A6 /* Container.swift */; };
		B26A030926AEAE6800B5C1A6 /* Application.swift in Sources */ = {isa = PBXBuildFile; fileRef = B26A030826AEAE6800B5C1A6 /* Application.swift */; };
		B26A030E26AEBCFD00B5C1A6 /* Country+CoreData.swift in Sources */ = {isa = PBXBuildFile; fileRef = B26A030D26AEBCFD00B5C1A6 /* Country+CoreData.swift */; };
		B26A031126AEF13800B5C1A6 /* Endpoint.swift in Sources */ = {isa = PBXBuildFile; fileRef = B26A031026AEF13800B5C1A6 /* Endpoint.swift */; };
		B26A031326B002E600B5C1A6 /* Network.swift in Sources */ = {isa = PBXBuildFile; fileRef = B26A031226B002E600B5C1A6 /* Network.swift */; };
		B26A031526B0122D00B5C1A6 /* CountryListViewModel.swift in Sources */ = {isa = PBXBuildFile; fileRef = B26A031426B0122D00B5C1A6 /* CountryListViewModel.swift */; };
		B26A031B26B2CD0E00B5C1A6 /* CountryView.swift in Sources */ = {isa = PBXBuildFile; fileRef = B26A031A26B2CD0E00B5C1A6 /* CountryView.swift */; };
		B26A031D26B2D1AC00B5C1A6 /* CountryViewModel.swift in Sources */ = {isa = PBXBuildFile; fileRef = B26A031C26B2D1AC00B5C1A6 /* CountryViewModel.swift */; };
		B26A031F26B2D96F00B5C1A6 /* CountryItemView.swift in Sources */ = {isa = PBXBuildFile; fileRef = B26A031E26B2D96F00B5C1A6 /* CountryItemView.swift */; };
		B26A032126B2EAF800B5C1A6 /* CountryMapView.swift in Sources */ = {isa = PBXBuildFile; fileRef = B26A032026B2EAF800B5C1A6 /* CountryMapView.swift */; };
		B26EACAB26BD678F003690B8 /* LocalCountryRepository.swift in Sources */ = {isa = PBXBuildFile; fileRef = B26EACAA26BD678F003690B8 /* LocalCountryRepository.swift */; };
		B26EACAE26BD67DF003690B8 /* RemoteCountryRepository.swift in Sources */ = {isa = PBXBuildFile; fileRef = B26EACAD26BD67DF003690B8 /* RemoteCountryRepository.swift */; };
		B26EACB026BD6848003690B8 /* CountryService.swift in Sources */ = {isa = PBXBuildFile; fileRef = B26EACAF26BD6848003690B8 /* CountryService.swift */; };
		B26EACB326BD696E003690B8 /* CountryNetworkDto.swift in Sources */ = {isa = PBXBuildFile; fileRef = B26EACB226BD696E003690B8 /* CountryNetworkDto.swift */; };
		B26EACB526BD6D15003690B8 /* CountrySDK.swift in Sources */ = {isa = PBXBuildFile; fileRef = B26EACB426BD6D15003690B8 /* CountrySDK.swift */; };
		B26EACB826C14A6B003690B8 /* Result.swift in Sources */ = {isa = PBXBuildFile; fileRef = B26EACB726C14A6B003690B8 /* Result.swift */; };
		B26EACBA26C14BF1003690B8 /* Loadable.swift in Sources */ = {isa = PBXBuildFile; fileRef = B26EACB926C14BF1003690B8 /* Loadable.swift */; };
/* End PBXBuildFile section */

/* Begin PBXContainerItemProxy section */
		B26A02DB26AEA6F900B5C1A6 /* PBXContainerItemProxy */ = {
			isa = PBXContainerItemProxy;
			containerPortal = B26A02BC26AEA6F800B5C1A6 /* Project object */;
			proxyType = 1;
			remoteGlobalIDString = B26A02C326AEA6F800B5C1A6;
			remoteInfo = Countries;
		};
		B26A02E626AEA6F900B5C1A6 /* PBXContainerItemProxy */ = {
			isa = PBXContainerItemProxy;
			containerPortal = B26A02BC26AEA6F800B5C1A6 /* Project object */;
			proxyType = 1;
			remoteGlobalIDString = B26A02C326AEA6F800B5C1A6;
			remoteInfo = Countries;
		};
/* End PBXContainerItemProxy section */

/* Begin PBXFileReference section */
		B21BABA126B4364200D2C878 /* CountyListViewUITests.swift */ = {isa = PBXFileReference; lastKnownFileType = sourcecode.swift; path = CountyListViewUITests.swift; sourceTree = "<group>"; };
		B21BABA526B7D82600D2C878 /* CountryTests.swift */ = {isa = PBXFileReference; lastKnownFileType = sourcecode.swift; path = CountryTests.swift; sourceTree = "<group>"; };
		B21BABA926B7E8DF00D2C878 /* EndpointTests.swift */ = {isa = PBXFileReference; lastKnownFileType = sourcecode.swift; path = EndpointTests.swift; sourceTree = "<group>"; };
		B21BABAC26B7E92D00D2C878 /* EndpointMock.swift */ = {isa = PBXFileReference; lastKnownFileType = sourcecode.swift; path = EndpointMock.swift; sourceTree = "<group>"; };
		B21BABAE26B7EB3800D2C878 /* CountryMocks.swift */ = {isa = PBXFileReference; lastKnownFileType = sourcecode.swift; path = CountryMocks.swift; sourceTree = "<group>"; };
		B21BABB326B80A9600D2C878 /* RepositoryMocks.swift */ = {isa = PBXFileReference; lastKnownFileType = sourcecode.swift; path = RepositoryMocks.swift; sourceTree = "<group>"; };
		B21BABB726B80D5400D2C878 /* CountryRepositoryTests.swift */ = {isa = PBXFileReference; lastKnownFileType = sourcecode.swift; path = CountryRepositoryTests.swift; sourceTree = "<group>"; };
		B26A02C426AEA6F800B5C1A6 /* Countries.app */ = {isa = PBXFileReference; explicitFileType = wrapper.application; includeInIndex = 0; path = Countries.app; sourceTree = BUILT_PRODUCTS_DIR; };
		B26A02C726AEA6F800B5C1A6 /* CountriesApp.swift */ = {isa = PBXFileReference; lastKnownFileType = sourcecode.swift; path = CountriesApp.swift; sourceTree = "<group>"; };
		B26A02CB26AEA6F900B5C1A6 /* Assets.xcassets */ = {isa = PBXFileReference; lastKnownFileType = folder.assetcatalog; path = Assets.xcassets; sourceTree = "<group>"; };
		B26A02CE26AEA6F900B5C1A6 /* Preview Assets.xcassets */ = {isa = PBXFileReference; lastKnownFileType = folder.assetcatalog; path = "Preview Assets.xcassets"; sourceTree = "<group>"; };
		B26A02D026AEA6F900B5C1A6 /* Persistence.swift */ = {isa = PBXFileReference; lastKnownFileType = sourcecode.swift; path = Persistence.swift; sourceTree = "<group>"; };
		B26A02D326AEA6F900B5C1A6 /* Countries.xcdatamodel */ = {isa = PBXFileReference; lastKnownFileType = wrapper.xcdatamodel; path = Countries.xcdatamodel; sourceTree = "<group>"; };
		B26A02D526AEA6F900B5C1A6 /* Info.plist */ = {isa = PBXFileReference; lastKnownFileType = text.plist.xml; path = Info.plist; sourceTree = "<group>"; };
		B26A02DA26AEA6F900B5C1A6 /* CountriesTests.xctest */ = {isa = PBXFileReference; explicitFileType = wrapper.cfbundle; includeInIndex = 0; path = CountriesTests.xctest; sourceTree = BUILT_PRODUCTS_DIR; };
		B26A02E026AEA6F900B5C1A6 /* Info.plist */ = {isa = PBXFileReference; lastKnownFileType = text.plist.xml; path = Info.plist; sourceTree = "<group>"; };
		B26A02E526AEA6F900B5C1A6 /* CountriesUITests.xctest */ = {isa = PBXFileReference; explicitFileType = wrapper.cfbundle; includeInIndex = 0; path = CountriesUITests.xctest; sourceTree = BUILT_PRODUCTS_DIR; };
		B26A02E926AEA6F900B5C1A6 /* CountriesUITests.swift */ = {isa = PBXFileReference; lastKnownFileType = sourcecode.swift; path = CountriesUITests.swift; sourceTree = "<group>"; };
		B26A02EB26AEA6F900B5C1A6 /* Info.plist */ = {isa = PBXFileReference; lastKnownFileType = text.plist.xml; path = Info.plist; sourceTree = "<group>"; };
		B26A02F826AEA83900B5C1A6 /* CountryListView.swift */ = {isa = PBXFileReference; lastKnownFileType = sourcecode.swift; path = CountryListView.swift; sourceTree = "<group>"; };
		B26A02FC26AEA89000B5C1A6 /* Country.swift */ = {isa = PBXFileReference; lastKnownFileType = sourcecode.swift; path = Country.swift; sourceTree = "<group>"; };
		B26A02FF26AEA8F100B5C1A6 /* CountryListItemView.swift */ = {isa = PBXFileReference; lastKnownFileType = sourcecode.swift; path = CountryListItemView.swift; sourceTree = "<group>"; };
		B26A030326AEAC1700B5C1A6 /* CountryRepository.swift */ = {isa = PBXFileReference; lastKnownFileType = sourcecode.swift; path = CountryRepository.swift; sourceTree = "<group>"; };
		B26A030626AEAD8100B5C1A6 /* Container.swift */ = {isa = PBXFileReference; lastKnownFileType = sourcecode.swift; path = Container.swift; sourceTree = "<group>"; };
		B26A030826AEAE6800B5C1A6 /* Application.swift */ = {isa = PBXFileReference; lastKnownFileType = sourcecode.swift; path = Application.swift; sourceTree = "<group>"; };
		B26A030D26AEBCFD00B5C1A6 /* Country+CoreData.swift */ = {isa = PBXFileReference; lastKnownFileType = sourcecode.swift; path = "Country+CoreData.swift"; sourceTree = "<group>"; };
		B26A031026AEF13800B5C1A6 /* Endpoint.swift */ = {isa = PBXFileReference; lastKnownFileType = sourcecode.swift; path = Endpoint.swift; sourceTree = "<group>"; };
		B26A031226B002E600B5C1A6 /* Network.swift */ = {isa = PBXFileReference; lastKnownFileType = sourcecode.swift; path = Network.swift; sourceTree = "<group>"; };
		B26A031426B0122D00B5C1A6 /* CountryListViewModel.swift */ = {isa = PBXFileReference; lastKnownFileType = sourcecode.swift; path = CountryListViewModel.swift; sourceTree = "<group>"; };
		B26A031A26B2CD0E00B5C1A6 /* CountryView.swift */ = {isa = PBXFileReference; lastKnownFileType = sourcecode.swift; path = CountryView.swift; sourceTree = "<group>"; };
		B26A031C26B2D1AC00B5C1A6 /* CountryViewModel.swift */ = {isa = PBXFileReference; lastKnownFileType = sourcecode.swift; path = CountryViewModel.swift; sourceTree = "<group>"; };
		B26A031E26B2D96F00B5C1A6 /* CountryItemView.swift */ = {isa = PBXFileReference; lastKnownFileType = sourcecode.swift; path = CountryItemView.swift; sourceTree = "<group>"; };
		B26A032026B2EAF800B5C1A6 /* CountryMapView.swift */ = {isa = PBXFileReference; lastKnownFileType = sourcecode.swift; path = CountryMapView.swift; sourceTree = "<group>"; };
		B26EACAA26BD678F003690B8 /* LocalCountryRepository.swift */ = {isa = PBXFileReference; lastKnownFileType = sourcecode.swift; path = LocalCountryRepository.swift; sourceTree = "<group>"; };
		B26EACAD26BD67DF003690B8 /* RemoteCountryRepository.swift */ = {isa = PBXFileReference; lastKnownFileType = sourcecode.swift; path = RemoteCountryRepository.swift; sourceTree = "<group>"; };
		B26EACAF26BD6848003690B8 /* CountryService.swift */ = {isa = PBXFileReference; lastKnownFileType = sourcecode.swift; path = CountryService.swift; sourceTree = "<group>"; };
		B26EACB226BD696E003690B8 /* CountryNetworkDto.swift */ = {isa = PBXFileReference; lastKnownFileType = sourcecode.swift; path = CountryNetworkDto.swift; sourceTree = "<group>"; };
		B26EACB426BD6D15003690B8 /* CountrySDK.swift */ = {isa = PBXFileReference; lastKnownFileType = sourcecode.swift; path = CountrySDK.swift; sourceTree = "<group>"; };
		B26EACB726C14A6B003690B8 /* Result.swift */ = {isa = PBXFileReference; lastKnownFileType = sourcecode.swift; path = Result.swift; sourceTree = "<group>"; };
		B26EACB926C14BF1003690B8 /* Loadable.swift */ = {isa = PBXFileReference; lastKnownFileType = sourcecode.swift; path = Loadable.swift; sourceTree = "<group>"; };
/* End PBXFileReference section */

/* Begin PBXFrameworksBuildPhase section */
		B26A02C126AEA6F800B5C1A6 /* Frameworks */ = {
			isa = PBXFrameworksBuildPhase;
			buildActionMask = 2147483647;
			files = (
			);
			runOnlyForDeploymentPostprocessing = 0;
		};
		B26A02D726AEA6F900B5C1A6 /* Frameworks */ = {
			isa = PBXFrameworksBuildPhase;
			buildActionMask = 2147483647;
			files = (
			);
			runOnlyForDeploymentPostprocessing = 0;
		};
		B26A02E226AEA6F900B5C1A6 /* Frameworks */ = {
			isa = PBXFrameworksBuildPhase;
			buildActionMask = 2147483647;
			files = (
			);
			runOnlyForDeploymentPostprocessing = 0;
		};
/* End PBXFrameworksBuildPhase section */

/* Begin PBXGroup section */
		B21BABA326B7D7FD00D2C878 /* Data */ = {
			isa = PBXGroup;
			children = (
				B21BABA826B7E8BC00D2C878 /* Network */,
				B21BABA726B7E45D00D2C878 /* Repositories */,
				B21BABA426B7D80300D2C878 /* Models */,
			);
			path = Data;
			sourceTree = "<group>";
		};
		B21BABA426B7D80300D2C878 /* Models */ = {
			isa = PBXGroup;
			children = (
				B21BABA526B7D82600D2C878 /* CountryTests.swift */,
			);
			path = Models;
			sourceTree = "<group>";
		};
		B21BABA726B7E45D00D2C878 /* Repositories */ = {
			isa = PBXGroup;
			children = (
				B21BABB726B80D5400D2C878 /* CountryRepositoryTests.swift */,
			);
			path = Repositories;
			sourceTree = "<group>";
		};
		B21BABA826B7E8BC00D2C878 /* Network */ = {
			isa = PBXGroup;
			children = (
				B21BABA926B7E8DF00D2C878 /* EndpointTests.swift */,
			);
			path = Network;
			sourceTree = "<group>";
		};
		B21BABAB26B7E8EA00D2C878 /* Mocks */ = {
			isa = PBXGroup;
			children = (
				B21BABB226B80A3000D2C878 /* Repositories */,
				B21BABB126B7EB5400D2C878 /* Models */,
				B21BABB026B7EB4900D2C878 /* Network */,
			);
			path = Mocks;
			sourceTree = "<group>";
		};
		B21BABB026B7EB4900D2C878 /* Network */ = {
			isa = PBXGroup;
			children = (
				B21BABAC26B7E92D00D2C878 /* EndpointMock.swift */,
			);
			path = Network;
			sourceTree = "<group>";
		};
		B21BABB126B7EB5400D2C878 /* Models */ = {
			isa = PBXGroup;
			children = (
				B21BABAE26B7EB3800D2C878 /* CountryMocks.swift */,
			);
			path = Models;
			sourceTree = "<group>";
		};
		B21BABB226B80A3000D2C878 /* Repositories */ = {
			isa = PBXGroup;
			children = (
				B21BABB326B80A9600D2C878 /* RepositoryMocks.swift */,
			);
			path = Repositories;
			sourceTree = "<group>";
		};
		B26A02BB26AEA6F800B5C1A6 = {
			isa = PBXGroup;
			children = (
				B26EACB626C14A5B003690B8 /* Core */,
				B26A02C626AEA6F800B5C1A6 /* Countries */,
				B26A02DD26AEA6F900B5C1A6 /* CountriesTests */,
				B26A02E826AEA6F900B5C1A6 /* CountriesUITests */,
				B26A02C526AEA6F800B5C1A6 /* Products */,
			);
			sourceTree = "<group>";
		};
		B26A02C526AEA6F800B5C1A6 /* Products */ = {
			isa = PBXGroup;
			children = (
				B26A02C426AEA6F800B5C1A6 /* Countries.app */,
				B26A02DA26AEA6F900B5C1A6 /* CountriesTests.xctest */,
				B26A02E526AEA6F900B5C1A6 /* CountriesUITests.xctest */,
			);
			name = Products;
			sourceTree = "<group>";
		};
		B26A02C626AEA6F800B5C1A6 /* Countries */ = {
			isa = PBXGroup;
			children = (
				B26A030F26AEF12600B5C1A6 /* Network */,
				B26A030526AEAD6E00B5C1A6 /* DI */,
				B26A030126AEABD700B5C1A6 /* Data */,
				B26A02F726AEA81400B5C1A6 /* UI */,
				B26A02C726AEA6F800B5C1A6 /* CountriesApp.swift */,
				B26A02CB26AEA6F900B5C1A6 /* Assets.xcassets */,
				B26A02D026AEA6F900B5C1A6 /* Persistence.swift */,
				B26A02D526AEA6F900B5C1A6 /* Info.plist */,
				B26A02D226AEA6F900B5C1A6 /* Countries.xcdatamodeld */,
				B26A02CD26AEA6F900B5C1A6 /* Preview Content */,
				B26A030826AEAE6800B5C1A6 /* Application.swift */,
			);
			path = Countries;
			sourceTree = "<group>";
		};
		B26A02CD26AEA6F900B5C1A6 /* Preview Content */ = {
			isa = PBXGroup;
			children = (
				B26A02CE26AEA6F900B5C1A6 /* Preview Assets.xcassets */,
			);
			path = "Preview Content";
			sourceTree = "<group>";
		};
		B26A02DD26AEA6F900B5C1A6 /* CountriesTests */ = {
			isa = PBXGroup;
			children = (
				B21BABAB26B7E8EA00D2C878 /* Mocks */,
				B21BABA326B7D7FD00D2C878 /* Data */,
				B26A02E026AEA6F900B5C1A6 /* Info.plist */,
			);
			path = CountriesTests;
			sourceTree = "<group>";
		};
		B26A02E826AEA6F900B5C1A6 /* CountriesUITests */ = {
			isa = PBXGroup;
			children = (
				B26A02E926AEA6F900B5C1A6 /* CountriesUITests.swift */,
				B26A02EB26AEA6F900B5C1A6 /* Info.plist */,
				B21BABA126B4364200D2C878 /* CountyListViewUITests.swift */,
			);
			path = CountriesUITests;
			sourceTree = "<group>";
		};
		B26A02F726AEA81400B5C1A6 /* UI */ = {
			isa = PBXGroup;
			children = (
				B26A031926B2CCF000B5C1A6 /* Country */,
				B26A02FA26AEA83F00B5C1A6 /* CountryList */,
			);
			path = UI;
			sourceTree = "<group>";
		};
		B26A02FA26AEA83F00B5C1A6 /* CountryList */ = {
			isa = PBXGroup;
			children = (
				B26A02F826AEA83900B5C1A6 /* CountryListView.swift */,
				B26A02FF26AEA8F100B5C1A6 /* CountryListItemView.swift */,
				B26A031426B0122D00B5C1A6 /* CountryListViewModel.swift */,
			);
			path = CountryList;
			sourceTree = "<group>";
		};
		B26A02FB26AEA86C00B5C1A6 /* Models */ = {
			isa = PBXGroup;
			children = (
				B26A02FC26AEA89000B5C1A6 /* Country.swift */,
				B26A030D26AEBCFD00B5C1A6 /* Country+CoreData.swift */,
			);
			path = Models;
			sourceTree = "<group>";
		};
		B26A030126AEABD700B5C1A6 /* Data */ = {
			isa = PBXGroup;
			children = (
				B26A02FB26AEA86C00B5C1A6 /* Models */,
				B26A030226AEABF300B5C1A6 /* Repositories */,
			);
			path = Data;
			sourceTree = "<group>";
		};
		B26A030226AEABF300B5C1A6 /* Repositories */ = {
			isa = PBXGroup;
			children = (
				B26A030326AEAC1700B5C1A6 /* CountryRepository.swift */,
				B26EACAA26BD678F003690B8 /* LocalCountryRepository.swift */,
				B26EACAD26BD67DF003690B8 /* RemoteCountryRepository.swift */,
			);
			path = Repositories;
			sourceTree = "<group>";
		};
		B26A030526AEAD6E00B5C1A6 /* DI */ = {
			isa = PBXGroup;
			children = (
				B26A030626AEAD8100B5C1A6 /* Container.swift */,
			);
			path = DI;
			sourceTree = "<group>";
		};
		B26A030F26AEF12600B5C1A6 /* Network */ = {
			isa = PBXGroup;
			children = (
				B26EACB126BD695E003690B8 /* Models */,
				B26A031026AEF13800B5C1A6 /* Endpoint.swift */,
				B26A031226B002E600B5C1A6 /* Network.swift */,
				B26EACAF26BD6848003690B8 /* CountryService.swift */,
				B26EACB426BD6D15003690B8 /* CountrySDK.swift */,
			);
			path = Network;
			sourceTree = "<group>";
		};
		B26A031926B2CCF000B5C1A6 /* Country */ = {
			isa = PBXGroup;
			children = (
				B26A031A26B2CD0E00B5C1A6 /* CountryView.swift */,
				B26A031C26B2D1AC00B5C1A6 /* CountryViewModel.swift */,
				B26A031E26B2D96F00B5C1A6 /* CountryItemView.swift */,
				B26A032026B2EAF800B5C1A6 /* CountryMapView.swift */,
			);
			path = Country;
			sourceTree = "<group>";
		};
		B26EACB126BD695E003690B8 /* Models */ = {
			isa = PBXGroup;
			children = (
				B26EACB226BD696E003690B8 /* CountryNetworkDto.swift */,
			);
			path = Models;
			sourceTree = "<group>";
		};
		B26EACB626C14A5B003690B8 /* Core */ = {
			isa = PBXGroup;
			children = (
				B26EACB726C14A6B003690B8 /* Result.swift */,
				B26EACB926C14BF1003690B8 /* Loadable.swift */,
			);
			path = Core;
			sourceTree = "<group>";
		};
/* End PBXGroup section */

/* Begin PBXNativeTarget section */
		B26A02C326AEA6F800B5C1A6 /* Countries */ = {
			isa = PBXNativeTarget;
			buildConfigurationList = B26A02EE26AEA6F900B5C1A6 /* Build configuration list for PBXNativeTarget "Countries" */;
			buildPhases = (
				B26A02C026AEA6F800B5C1A6 /* Sources */,
				B26A02C126AEA6F800B5C1A6 /* Frameworks */,
				B26A02C226AEA6F800B5C1A6 /* Resources */,
			);
			buildRules = (
			);
			dependencies = (
			);
			name = Countries;
			productName = Countries;
			productReference = B26A02C426AEA6F800B5C1A6 /* Countries.app */;
			productType = "com.apple.product-type.application";
		};
		B26A02D926AEA6F900B5C1A6 /* CountriesTests */ = {
			isa = PBXNativeTarget;
			buildConfigurationList = B26A02F126AEA6F900B5C1A6 /* Build configuration list for PBXNativeTarget "CountriesTests" */;
			buildPhases = (
				B26A02D626AEA6F900B5C1A6 /* Sources */,
				B26A02D726AEA6F900B5C1A6 /* Frameworks */,
				B26A02D826AEA6F900B5C1A6 /* Resources */,
			);
			buildRules = (
			);
			dependencies = (
				B26A02DC26AEA6F900B5C1A6 /* PBXTargetDependency */,
			);
			name = CountriesTests;
			productName = CountriesTests;
			productReference = B26A02DA26AEA6F900B5C1A6 /* CountriesTests.xctest */;
			productType = "com.apple.product-type.bundle.unit-test";
		};
		B26A02E426AEA6F900B5C1A6 /* CountriesUITests */ = {
			isa = PBXNativeTarget;
			buildConfigurationList = B26A02F426AEA6F900B5C1A6 /* Build configuration list for PBXNativeTarget "CountriesUITests" */;
			buildPhases = (
				B26A02E126AEA6F900B5C1A6 /* Sources */,
				B26A02E226AEA6F900B5C1A6 /* Frameworks */,
				B26A02E326AEA6F900B5C1A6 /* Resources */,
			);
			buildRules = (
			);
			dependencies = (
				B26A02E726AEA6F900B5C1A6 /* PBXTargetDependency */,
			);
			name = CountriesUITests;
			productName = CountriesUITests;
			productReference = B26A02E526AEA6F900B5C1A6 /* CountriesUITests.xctest */;
			productType = "com.apple.product-type.bundle.ui-testing";
		};
/* End PBXNativeTarget section */

/* Begin PBXProject section */
		B26A02BC26AEA6F800B5C1A6 /* Project object */ = {
			isa = PBXProject;
			attributes = {
				LastSwiftUpdateCheck = 1250;
				LastUpgradeCheck = 1250;
				TargetAttributes = {
					B26A02C326AEA6F800B5C1A6 = {
						CreatedOnToolsVersion = 12.5.1;
					};
					B26A02D926AEA6F900B5C1A6 = {
						CreatedOnToolsVersion = 12.5.1;
						TestTargetID = B26A02C326AEA6F800B5C1A6;
					};
					B26A02E426AEA6F900B5C1A6 = {
						CreatedOnToolsVersion = 12.5.1;
						TestTargetID = B26A02C326AEA6F800B5C1A6;
					};
				};
			};
			buildConfigurationList = B26A02BF26AEA6F800B5C1A6 /* Build configuration list for PBXProject "Countries" */;
			compatibilityVersion = "Xcode 9.3";
			developmentRegion = en;
			hasScannedForEncodings = 0;
			knownRegions = (
				en,
				Base,
			);
			mainGroup = B26A02BB26AEA6F800B5C1A6;
			productRefGroup = B26A02C526AEA6F800B5C1A6 /* Products */;
			projectDirPath = "";
			projectRoot = "";
			targets = (
				B26A02C326AEA6F800B5C1A6 /* Countries */,
				B26A02D926AEA6F900B5C1A6 /* CountriesTests */,
				B26A02E426AEA6F900B5C1A6 /* CountriesUITests */,
			);
		};
/* End PBXProject section */

/* Begin PBXResourcesBuildPhase section */
		B26A02C226AEA6F800B5C1A6 /* Resources */ = {
			isa = PBXResourcesBuildPhase;
			buildActionMask = 2147483647;
			files = (
				B26A02CF26AEA6F900B5C1A6 /* Preview Assets.xcassets in Resources */,
				B26A02CC26AEA6F900B5C1A6 /* Assets.xcassets in Resources */,
			);
			runOnlyForDeploymentPostprocessing = 0;
		};
		B26A02D826AEA6F900B5C1A6 /* Resources */ = {
			isa = PBXResourcesBuildPhase;
			buildActionMask = 2147483647;
			files = (
			);
			runOnlyForDeploymentPostprocessing = 0;
		};
		B26A02E326AEA6F900B5C1A6 /* Resources */ = {
			isa = PBXResourcesBuildPhase;
			buildActionMask = 2147483647;
			files = (
			);
			runOnlyForDeploymentPostprocessing = 0;
		};
/* End PBXResourcesBuildPhase section */

/* Begin PBXSourcesBuildPhase section */
		B26A02C026AEA6F800B5C1A6 /* Sources */ = {
			isa = PBXSourcesBuildPhase;
			buildActionMask = 2147483647;
			files = (
				B26A030926AEAE6800B5C1A6 /* Application.swift in Sources */,
				B26A02F926AEA83900B5C1A6 /* CountryListView.swift in Sources */,
				B26EACAB26BD678F003690B8 /* LocalCountryRepository.swift in Sources */,
				B26EACB526BD6D15003690B8 /* CountrySDK.swift in Sources */,
				B26A031326B002E600B5C1A6 /* Network.swift in Sources */,
				B26EACBA26C14BF1003690B8 /* Loadable.swift in Sources */,
				B26A02D126AEA6F900B5C1A6 /* Persistence.swift in Sources */,
				B26A030026AEA8F100B5C1A6 /* CountryListItemView.swift in Sources */,
				B26A031D26B2D1AC00B5C1A6 /* CountryViewModel.swift in Sources */,
				B26EACB326BD696E003690B8 /* CountryNetworkDto.swift in Sources */,
				B26A02D426AEA6F900B5C1A6 /* Countries.xcdatamodeld in Sources */,
				B26A030E26AEBCFD00B5C1A6 /* Country+CoreData.swift in Sources */,
				B26A02FD26AEA89000B5C1A6 /* Country.swift in Sources */,
				B26EACB026BD6848003690B8 /* CountryService.swift in Sources */,
				B26EACB826C14A6B003690B8 /* Result.swift in Sources */,
				B26A030726AEAD8100B5C1A6 /* Container.swift in Sources */,
				B26A031F26B2D96F00B5C1A6 /* CountryItemView.swift in Sources */,
				B26EACAE26BD67DF003690B8 /* RemoteCountryRepository.swift in Sources */,
				B26A031B26B2CD0E00B5C1A6 /* CountryView.swift in Sources */,
				B26A030426AEAC1700B5C1A6 /* CountryRepository.swift in Sources */,
				B26A032126B2EAF800B5C1A6 /* CountryMapView.swift in Sources */,
				B26A031126AEF13800B5C1A6 /* Endpoint.swift in Sources */,
				B26A02C826AEA6F800B5C1A6 /* CountriesApp.swift in Sources */,
				B26A031526B0122D00B5C1A6 /* CountryListViewModel.swift in Sources */,
			);
			runOnlyForDeploymentPostprocessing = 0;
		};
		B26A02D626AEA6F900B5C1A6 /* Sources */ = {
			isa = PBXSourcesBuildPhase;
			buildActionMask = 2147483647;
			files = (
				B21BABB826B80D5400D2C878 /* CountryRepositoryTests.swift in Sources */,
				B21BABB426B80A9600D2C878 /* RepositoryMocks.swift in Sources */,
				B21BABAA26B7E8DF00D2C878 /* EndpointTests.swift in Sources */,
				B21BABAD26B7E92D00D2C878 /* EndpointMock.swift in Sources */,
				B21BABAF26B7EB3800D2C878 /* CountryMocks.swift in Sources */,
				B21BABA626B7D82600D2C878 /* CountryTests.swift in Sources */,
			);
			runOnlyForDeploymentPostprocessing = 0;
		};
		B26A02E126AEA6F900B5C1A6 /* Sources */ = {
			isa = PBXSourcesBuildPhase;
			buildActionMask = 2147483647;
			files = (
				B21BABA226B4364200D2C878 /* CountyListViewUITests.swift in Sources */,
				B26A02EA26AEA6F900B5C1A6 /* CountriesUITests.swift in Sources */,
			);
			runOnlyForDeploymentPostprocessing = 0;
		};
/* End PBXSourcesBuildPhase section */

/* Begin PBXTargetDependency section */
		B26A02DC26AEA6F900B5C1A6 /* PBXTargetDependency */ = {
			isa = PBXTargetDependency;
			target = B26A02C326AEA6F800B5C1A6 /* Countries */;
			targetProxy = B26A02DB26AEA6F900B5C1A6 /* PBXContainerItemProxy */;
		};
		B26A02E726AEA6F900B5C1A6 /* PBXTargetDependency */ = {
			isa = PBXTargetDependency;
			target = B26A02C326AEA6F800B5C1A6 /* Countries */;
			targetProxy = B26A02E626AEA6F900B5C1A6 /* PBXContainerItemProxy */;
		};
/* End PBXTargetDependency section */

/* Begin XCBuildConfiguration section */
		B26A02EC26AEA6F900B5C1A6 /* Debug */ = {
			isa = XCBuildConfiguration;
			buildSettings = {
				ALWAYS_SEARCH_USER_PATHS = NO;
				CLANG_ANALYZER_NONNULL = YES;
				CLANG_ANALYZER_NUMBER_OBJECT_CONVERSION = YES_AGGRESSIVE;
				CLANG_CXX_LANGUAGE_STANDARD = "gnu++14";
				CLANG_CXX_LIBRARY = "libc++";
				CLANG_ENABLE_MODULES = YES;
				CLANG_ENABLE_OBJC_ARC = YES;
				CLANG_ENABLE_OBJC_WEAK = YES;
				CLANG_WARN_BLOCK_CAPTURE_AUTORELEASING = YES;
				CLANG_WARN_BOOL_CONVERSION = YES;
				CLANG_WARN_COMMA = YES;
				CLANG_WARN_CONSTANT_CONVERSION = YES;
				CLANG_WARN_DEPRECATED_OBJC_IMPLEMENTATIONS = YES;
				CLANG_WARN_DIRECT_OBJC_ISA_USAGE = YES_ERROR;
				CLANG_WARN_DOCUMENTATION_COMMENTS = YES;
				CLANG_WARN_EMPTY_BODY = YES;
				CLANG_WARN_ENUM_CONVERSION = YES;
				CLANG_WARN_INFINITE_RECURSION = YES;
				CLANG_WARN_INT_CONVERSION = YES;
				CLANG_WARN_NON_LITERAL_NULL_CONVERSION = YES;
				CLANG_WARN_OBJC_IMPLICIT_RETAIN_SELF = YES;
				CLANG_WARN_OBJC_LITERAL_CONVERSION = YES;
				CLANG_WARN_OBJC_ROOT_CLASS = YES_ERROR;
				CLANG_WARN_QUOTED_INCLUDE_IN_FRAMEWORK_HEADER = YES;
				CLANG_WARN_RANGE_LOOP_ANALYSIS = YES;
				CLANG_WARN_STRICT_PROTOTYPES = YES;
				CLANG_WARN_SUSPICIOUS_MOVE = YES;
				CLANG_WARN_UNGUARDED_AVAILABILITY = YES_AGGRESSIVE;
				CLANG_WARN_UNREACHABLE_CODE = YES;
				CLANG_WARN__DUPLICATE_METHOD_MATCH = YES;
				COPY_PHASE_STRIP = NO;
				DEBUG_INFORMATION_FORMAT = dwarf;
				ENABLE_STRICT_OBJC_MSGSEND = YES;
				ENABLE_TESTABILITY = YES;
				GCC_C_LANGUAGE_STANDARD = gnu11;
				GCC_DYNAMIC_NO_PIC = NO;
				GCC_NO_COMMON_BLOCKS = YES;
				GCC_OPTIMIZATION_LEVEL = 0;
				GCC_PREPROCESSOR_DEFINITIONS = (
					"DEBUG=1",
					"$(inherited)",
				);
				GCC_WARN_64_TO_32_BIT_CONVERSION = YES;
				GCC_WARN_ABOUT_RETURN_TYPE = YES_ERROR;
				GCC_WARN_UNDECLARED_SELECTOR = YES;
				GCC_WARN_UNINITIALIZED_AUTOS = YES_AGGRESSIVE;
				GCC_WARN_UNUSED_FUNCTION = YES;
				GCC_WARN_UNUSED_VARIABLE = YES;
				IPHONEOS_DEPLOYMENT_TARGET = 14.5;
				MTL_ENABLE_DEBUG_INFO = INCLUDE_SOURCE;
				MTL_FAST_MATH = YES;
				ONLY_ACTIVE_ARCH = YES;
				SDKROOT = iphoneos;
				SWIFT_ACTIVE_COMPILATION_CONDITIONS = DEBUG;
				SWIFT_OPTIMIZATION_LEVEL = "-Onone";
			};
			name = Debug;
		};
		B26A02ED26AEA6F900B5C1A6 /* Release */ = {
			isa = XCBuildConfiguration;
			buildSettings = {
				ALWAYS_SEARCH_USER_PATHS = NO;
				CLANG_ANALYZER_NONNULL = YES;
				CLANG_ANALYZER_NUMBER_OBJECT_CONVERSION = YES_AGGRESSIVE;
				CLANG_CXX_LANGUAGE_STANDARD = "gnu++14";
				CLANG_CXX_LIBRARY = "libc++";
				CLANG_ENABLE_MODULES = YES;
				CLANG_ENABLE_OBJC_ARC = YES;
				CLANG_ENABLE_OBJC_WEAK = YES;
				CLANG_WARN_BLOCK_CAPTURE_AUTORELEASING = YES;
				CLANG_WARN_BOOL_CONVERSION = YES;
				CLANG_WARN_COMMA = YES;
				CLANG_WARN_CONSTANT_CONVERSION = YES;
				CLANG_WARN_DEPRECATED_OBJC_IMPLEMENTATIONS = YES;
				CLANG_WARN_DIRECT_OBJC_ISA_USAGE = YES_ERROR;
				CLANG_WARN_DOCUMENTATION_COMMENTS = YES;
				CLANG_WARN_EMPTY_BODY = YES;
				CLANG_WARN_ENUM_CONVERSION = YES;
				CLANG_WARN_INFINITE_RECURSION = YES;
				CLANG_WARN_INT_CONVERSION = YES;
				CLANG_WARN_NON_LITERAL_NULL_CONVERSION = YES;
				CLANG_WARN_OBJC_IMPLICIT_RETAIN_SELF = YES;
				CLANG_WARN_OBJC_LITERAL_CONVERSION = YES;
				CLANG_WARN_OBJC_ROOT_CLASS = YES_ERROR;
				CLANG_WARN_QUOTED_INCLUDE_IN_FRAMEWORK_HEADER = YES;
				CLANG_WARN_RANGE_LOOP_ANALYSIS = YES;
				CLANG_WARN_STRICT_PROTOTYPES = YES;
				CLANG_WARN_SUSPICIOUS_MOVE = YES;
				CLANG_WARN_UNGUARDED_AVAILABILITY = YES_AGGRESSIVE;
				CLANG_WARN_UNREACHABLE_CODE = YES;
				CLANG_WARN__DUPLICATE_METHOD_MATCH = YES;
				COPY_PHASE_STRIP = NO;
				DEBUG_INFORMATION_FORMAT = "dwarf-with-dsym";
				ENABLE_NS_ASSERTIONS = NO;
				ENABLE_STRICT_OBJC_MSGSEND = YES;
				GCC_C_LANGUAGE_STANDARD = gnu11;
				GCC_NO_COMMON_BLOCKS = YES;
				GCC_WARN_64_TO_32_BIT_CONVERSION = YES;
				GCC_WARN_ABOUT_RETURN_TYPE = YES_ERROR;
				GCC_WARN_UNDECLARED_SELECTOR = YES;
				GCC_WARN_UNINITIALIZED_AUTOS = YES_AGGRESSIVE;
				GCC_WARN_UNUSED_FUNCTION = YES;
				GCC_WARN_UNUSED_VARIABLE = YES;
				IPHONEOS_DEPLOYMENT_TARGET = 14.5;
				MTL_ENABLE_DEBUG_INFO = NO;
				MTL_FAST_MATH = YES;
				SDKROOT = iphoneos;
				SWIFT_COMPILATION_MODE = wholemodule;
				SWIFT_OPTIMIZATION_LEVEL = "-O";
				VALIDATE_PRODUCT = YES;
			};
			name = Release;
		};
		B26A02EF26AEA6F900B5C1A6 /* Debug */ = {
			isa = XCBuildConfiguration;
			buildSettings = {
				ASSETCATALOG_COMPILER_APPICON_NAME = AppIcon;
				ASSETCATALOG_COMPILER_GLOBAL_ACCENT_COLOR_NAME = AccentColor;
				CODE_SIGN_STYLE = Automatic;
				DEVELOPMENT_ASSET_PATHS = "\"Countries/Preview Content\"";
				DEVELOPMENT_TEAM = 46UZR42QB5;
				ENABLE_PREVIEWS = YES;
				INFOPLIST_FILE = Countries/Info.plist;
				IPHONEOS_DEPLOYMENT_TARGET = 14.0;
				LD_RUNPATH_SEARCH_PATHS = (
					"$(inherited)",
					"@executable_path/Frameworks",
				);
				PRODUCT_BUNDLE_IDENTIFIER = danielsafronov.Countries;
				PRODUCT_NAME = "$(TARGET_NAME)";
				SWIFT_VERSION = 5.0;
				TARGETED_DEVICE_FAMILY = "1,2";
			};
			name = Debug;
		};
		B26A02F026AEA6F900B5C1A6 /* Release */ = {
			isa = XCBuildConfiguration;
			buildSettings = {
				ASSETCATALOG_COMPILER_APPICON_NAME = AppIcon;
				ASSETCATALOG_COMPILER_GLOBAL_ACCENT_COLOR_NAME = AccentColor;
				CODE_SIGN_STYLE = Automatic;
				DEVELOPMENT_ASSET_PATHS = "\"Countries/Preview Content\"";
				DEVELOPMENT_TEAM = 46UZR42QB5;
				ENABLE_PREVIEWS = YES;
				INFOPLIST_FILE = Countries/Info.plist;
				IPHONEOS_DEPLOYMENT_TARGET = 14.0;
				LD_RUNPATH_SEARCH_PATHS = (
					"$(inherited)",
					"@executable_path/Frameworks",
				);
				PRODUCT_BUNDLE_IDENTIFIER = danielsafronov.Countries;
				PRODUCT_NAME = "$(TARGET_NAME)";
				SWIFT_VERSION = 5.0;
				TARGETED_DEVICE_FAMILY = "1,2";
			};
			name = Release;
		};
		B26A02F226AEA6F900B5C1A6 /* Debug */ = {
			isa = XCBuildConfiguration;
			buildSettings = {
				ALWAYS_EMBED_SWIFT_STANDARD_LIBRARIES = YES;
				BUNDLE_LOADER = "$(TEST_HOST)";
				CODE_SIGN_STYLE = Automatic;
				DEVELOPMENT_TEAM = 46UZR42QB5;
				INFOPLIST_FILE = CountriesTests/Info.plist;
				IPHONEOS_DEPLOYMENT_TARGET = 14.0;
				LD_RUNPATH_SEARCH_PATHS = (
					"$(inherited)",
					"@executable_path/Frameworks",
					"@loader_path/Frameworks",
				);
				PRODUCT_BUNDLE_IDENTIFIER = app.CountriesTests;
				PRODUCT_NAME = "$(TARGET_NAME)";
				SWIFT_VERSION = 5.0;
				TARGETED_DEVICE_FAMILY = "1,2";
				TEST_HOST = "$(BUILT_PRODUCTS_DIR)/Countries.app/Countries";
			};
			name = Debug;
		};
		B26A02F326AEA6F900B5C1A6 /* Release */ = {
			isa = XCBuildConfiguration;
			buildSettings = {
				ALWAYS_EMBED_SWIFT_STANDARD_LIBRARIES = YES;
				BUNDLE_LOADER = "$(TEST_HOST)";
				CODE_SIGN_STYLE = Automatic;
				DEVELOPMENT_TEAM = 46UZR42QB5;
				INFOPLIST_FILE = CountriesTests/Info.plist;
				IPHONEOS_DEPLOYMENT_TARGET = 14.0;
				LD_RUNPATH_SEARCH_PATHS = (
					"$(inherited)",
					"@executable_path/Frameworks",
					"@loader_path/Frameworks",
				);
				PRODUCT_BUNDLE_IDENTIFIER = app.CountriesTests;
				PRODUCT_NAME = "$(TARGET_NAME)";
				SWIFT_VERSION = 5.0;
				TARGETED_DEVICE_FAMILY = "1,2";
				TEST_HOST = "$(BUILT_PRODUCTS_DIR)/Countries.app/Countries";
			};
			name = Release;
		};
		B26A02F526AEA6F900B5C1A6 /* Debug */ = {
			isa = XCBuildConfiguration;
			buildSettings = {
				ALWAYS_EMBED_SWIFT_STANDARD_LIBRARIES = YES;
				CODE_SIGN_STYLE = Automatic;
				DEVELOPMENT_TEAM = 46UZR42QB5;
				INFOPLIST_FILE = CountriesUITests/Info.plist;
				LD_RUNPATH_SEARCH_PATHS = (
					"$(inherited)",
					"@executable_path/Frameworks",
					"@loader_path/Frameworks",
				);
				PRODUCT_BUNDLE_IDENTIFIER = app.CountriesUITests;
				PRODUCT_NAME = "$(TARGET_NAME)";
				SWIFT_VERSION = 5.0;
				TARGETED_DEVICE_FAMILY = "1,2";
				TEST_TARGET_NAME = Countries;
			};
			name = Debug;
		};
		B26A02F626AEA6F900B5C1A6 /* Release */ = {
			isa = XCBuildConfiguration;
			buildSettings = {
				ALWAYS_EMBED_SWIFT_STANDARD_LIBRARIES = YES;
				CODE_SIGN_STYLE = Automatic;
				DEVELOPMENT_TEAM = 46UZR42QB5;
				INFOPLIST_FILE = CountriesUITests/Info.plist;
				LD_RUNPATH_SEARCH_PATHS = (
					"$(inherited)",
					"@executable_path/Frameworks",
					"@loader_path/Frameworks",
				);
				PRODUCT_BUNDLE_IDENTIFIER = app.CountriesUITests;
				PRODUCT_NAME = "$(TARGET_NAME)";
				SWIFT_VERSION = 5.0;
				TARGETED_DEVICE_FAMILY = "1,2";
				TEST_TARGET_NAME = Countries;
			};
			name = Release;
		};
/* End XCBuildConfiguration section */

/* Begin XCConfigurationList section */
		B26A02BF26AEA6F800B5C1A6 /* Build configuration list for PBXProject "Countries" */ = {
			isa = XCConfigurationList;
			buildConfigurations = (
				B26A02EC26AEA6F900B5C1A6 /* Debug */,
				B26A02ED26AEA6F900B5C1A6 /* Release */,
			);
			defaultConfigurationIsVisible = 0;
			defaultConfigurationName = Release;
		};
		B26A02EE26AEA6F900B5C1A6 /* Build configuration list for PBXNativeTarget "Countries" */ = {
			isa = XCConfigurationList;
			buildConfigurations = (
				B26A02EF26AEA6F900B5C1A6 /* Debug */,
				B26A02F026AEA6F900B5C1A6 /* Release */,
			);
			defaultConfigurationIsVisible = 0;
			defaultConfigurationName = Release;
		};
		B26A02F126AEA6F900B5C1A6 /* Build configuration list for PBXNativeTarget "CountriesTests" */ = {
			isa = XCConfigurationList;
			buildConfigurations = (
				B26A02F226AEA6F900B5C1A6 /* Debug */,
				B26A02F326AEA6F900B5C1A6 /* Release */,
			);
			defaultConfigurationIsVisible = 0;
			defaultConfigurationName = Release;
		};
		B26A02F426AEA6F900B5C1A6 /* Build configuration list for PBXNativeTarget "CountriesUITests" */ = {
			isa = XCConfigurationList;
			buildConfigurations = (
				B26A02F526AEA6F900B5C1A6 /* Debug */,
				B26A02F626AEA6F900B5C1A6 /* Release */,
			);
			defaultConfigurationIsVisible = 0;
			defaultConfigurationName = Release;
		};
/* End XCConfigurationList section */

/* Begin XCVersionGroup section */
		B26A02D226AEA6F900B5C1A6 /* Countries.xcdatamodeld */ = {
			isa = XCVersionGroup;
			children = (
				B26A02D326AEA6F900B5C1A6 /* Countries.xcdatamodel */,
			);
			currentVersion = B26A02D326AEA6F900B5C1A6 /* Countries.xcdatamodel */;
			path = Countries.xcdatamodeld;
			sourceTree = "<group>";
			versionGroupType = wrapper.xcdatamodel;
		};
/* End XCVersionGroup section */
	};
	rootObject = B26A02BC26AEA6F800B5C1A6 /* Project object */;
}
